# This file is automatically @generated by Cargo.
# It is not intended for manual editing.
version = 4

[[package]]
name = "assertables"
version = "9.8.2"
source = "registry+https://github.com/rust-lang/crates.io-index"
checksum = "59051ec02907378a67b0ba1b8631121f5388c8dbbb3cec8c749d8f93c2c3c211"

[[package]]
name = "rust_summaries_assertables_values_strings_sets"
version = "0.1.0"
dependencies = [
 "assertables",
]
