# This file is automatically @generated by Cargo.
# It is not intended for manual editing.
version = 3

[[package]]
name = "assertables"
version = "7.0.1"
source = "registry+https://github.com/rust-lang/crates.io-index"
checksum = "0c24e9d990669fbd16806bff449e4ac644fd9b1fca014760087732fe4102f131"

[[package]]
name = "rust_guideposts_assertables_values_strings_sets"
version = "0.1.0"
dependencies = [
 "assertables",
]
