# This file is automatically @generated by Cargo.
# It is not intended for manual editing.
version = 4

[[package]]
name = "bitflags"
version = "2.10.0"
source = "registry+https://github.com/rust-lang/crates.io-index"
checksum = "812e12b5285cc515a9c72a5c1d3b6d46a19dac5acfef5265968c166106e31dd3"

[[package]]
name = "epoll"
version = "4.4.0"
source = "registry+https://github.com/rust-lang/crates.io-index"
checksum = "e74d68fe2927dbf47aa976d14d93db9b23dced457c7bb2bdc6925a16d31b736e"
dependencies = [
 "bitflags",
 "libc",
]

[[package]]
name = "libc"
version = "0.2.177"
source = "registry+https://github.com/rust-lang/crates.io-index"
checksum = "2874a2af47a2325c2001a6e6fad9b16a53b802102b528163885171cf92b15976"

[[package]]
name = "rust_summaries_epoll_tcp_listener"
version = "0.1.0"
dependencies = [
 "epoll",
]
